// !$*UTF8*$!
{
	archiveVersion = 1;
	classes = {
	};
	objectVersion = 52;
	objects = {

/* Begin PBXBuildFile section */
		A1AC6A6B23B60A32006D9052 /* AppDelegate.swift in Sources */ = {isa = PBXBuildFile; fileRef = A1AC6A6A23B60A32006D9052 /* AppDelegate.swift */; };
		A1AC6A6D23B60A32006D9052 /* SceneDelegate.swift in Sources */ = {isa = PBXBuildFile; fileRef = A1AC6A6C23B60A32006D9052 /* SceneDelegate.swift */; };
		A1AC6A6F23B60A32006D9052 /* NewsLinkContainerView.swift in Sources */ = {isa = PBXBuildFile; fileRef = A1AC6A6E23B60A32006D9052 /* NewsLinkContainerView.swift */; };
		A1AC6A7123B60A33006D9052 /* Assets.xcassets in Resources */ = {isa = PBXBuildFile; fileRef = A1AC6A7023B60A33006D9052 /* Assets.xcassets */; };
		A1AC6A7423B60A33006D9052 /* Preview Assets.xcassets in Resources */ = {isa = PBXBuildFile; fileRef = A1AC6A7323B60A33006D9052 /* Preview Assets.xcassets */; };
		A1AC6A7723B60A33006D9052 /* LaunchScreen.storyboard in Resources */ = {isa = PBXBuildFile; fileRef = A1AC6A7523B60A33006D9052 /* LaunchScreen.storyboard */; };
		A1AC6A8023B60BE7006D9052 /* Request in Frameworks */ = {isa = PBXBuildFile; productRef = A1AC6A7F23B60BE7006D9052 /* Request */; };
		A1AC6A8323B806DB006D9052 /* SwiftSoup in Frameworks */ = {isa = PBXBuildFile; productRef = A1AC6A8223B806DB006D9052 /* SwiftSoup */; };
/* End PBXBuildFile section */

/* Begin PBXFileReference section */
		A1AC6A6723B60A32006D9052 /* CNNLite.app */ = {isa = PBXFileReference; explicitFileType = wrapper.application; includeInIndex = 0; path = CNNLite.app; sourceTree = BUILT_PRODUCTS_DIR; };
		A1AC6A6A23B60A32006D9052 /* AppDelegate.swift */ = {isa = PBXFileReference; lastKnownFileType = sourcecode.swift; path = AppDelegate.swift; sourceTree = "<group>"; };
		A1AC6A6C23B60A32006D9052 /* SceneDelegate.swift */ = {isa = PBXFileReference; lastKnownFileType = sourcecode.swift; path = SceneDelegate.swift; sourceTree = "<group>"; };
		A1AC6A6E23B60A32006D9052 /* NewsLinkContainerView.swift */ = {isa = PBXFileReference; lastKnownFileType = sourcecode.swift; path = NewsLinkContainerView.swift; sourceTree = "<group>"; };
		A1AC6A7023B60A33006D9052 /* Assets.xcassets */ = {isa = PBXFileReference; lastKnownFileType = folder.assetcatalog; path = Assets.xcassets; sourceTree = "<group>"; };
		A1AC6A7323B60A33006D9052 /* Preview Assets.xcassets */ = {isa = PBXFileReference; lastKnownFileType = folder.assetcatalog; path = "Preview Assets.xcassets"; sourceTree = "<group>"; };
		A1AC6A7623B60A33006D9052 /* Base */ = {isa = PBXFileReference; lastKnownFileType = file.storyboard; name = Base; path = Base.lproj/LaunchScreen.storyboard; sourceTree = "<group>"; };
		A1AC6A7823B60A33006D9052 /* Info.plist */ = {isa = PBXFileReference; lastKnownFileType = text.plist.xml; path = Info.plist; sourceTree = "<group>"; };
/* End PBXFileReference section */

/* Begin PBXFrameworksBuildPhase section */
		A1AC6A6423B60A32006D9052 /* Frameworks */ = {
			isa = PBXFrameworksBuildPhase;
			buildActionMask = 2147483647;
			files = (
				A1AC6A8023B60BE7006D9052 /* Request in Frameworks */,
				A1AC6A8323B806DB006D9052 /* SwiftSoup in Frameworks */,
			);
			runOnlyForDeploymentPostprocessing = 0;
		};
/* End PBXFrameworksBuildPhase section */

/* Begin PBXGroup section */
		A1AC6A5E23B60A32006D9052 = {
			isa = PBXGroup;
			children = (
				A1AC6A6923B60A32006D9052 /* CNNLite */,
				A1AC6A6823B60A32006D9052 /* Products */,
			);
			sourceTree = "<group>";
		};
		A1AC6A6823B60A32006D9052 /* Products */ = {
			isa = PBXGroup;
			children = (
				A1AC6A6723B60A32006D9052 /* CNNLite.app */,
			);
			name = Products;
			sourceTree = "<group>";
		};
		A1AC6A6923B60A32006D9052 /* CNNLite */ = {
			isa = PBXGroup;
			children = (
				A1AC6A6A23B60A32006D9052 /* AppDelegate.swift */,
				A1AC6A6C23B60A32006D9052 /* SceneDelegate.swift */,
				A1AC6A6E23B60A32006D9052 /* NewsLinkContainerView.swift */,
				A1AC6A7023B60A33006D9052 /* Assets.xcassets */,
				A1AC6A7523B60A33006D9052 /* LaunchScreen.storyboard */,
				A1AC6A7823B60A33006D9052 /* Info.plist */,
				A1AC6A7223B60A33006D9052 /* Preview Content */,
			);
			path = CNNLite;
			sourceTree = "<group>";
		};
		A1AC6A7223B60A33006D9052 /* Preview Content */ = {
			isa = PBXGroup;
			children = (
				A1AC6A7323B60A33006D9052 /* Preview Assets.xcassets */,
			);
			path = "Preview Content";
			sourceTree = "<group>";
		};
/* End PBXGroup section */

/* Begin PBXNativeTarget section */
		A1AC6A6623B60A32006D9052 /* CNNLite */ = {
			isa = PBXNativeTarget;
			buildConfigurationList = A1AC6A7B23B60A33006D9052 /* Build configuration list for PBXNativeTarget "CNNLite" */;
			buildPhases = (
				A1AC6A6323B60A32006D9052 /* Sources */,
				A1AC6A6423B60A32006D9052 /* Frameworks */,
				A1AC6A6523B60A32006D9052 /* Resources */,
			);
			buildRules = (
			);
			dependencies = (
			);
			name = CNNLite;
			packageProductDependencies = (
				A1AC6A7F23B60BE7006D9052 /* Request */,
				A1AC6A8223B806DB006D9052 /* SwiftSoup */,
			);
			productName = CNNLite;
			productReference = A1AC6A6723B60A32006D9052 /* CNNLite.app */;
			productType = "com.apple.product-type.application";
		};
/* End PBXNativeTarget section */

/* Begin PBXProject section */
		A1AC6A5F23B60A32006D9052 /* Project object */ = {
			isa = PBXProject;
			attributes = {
				LastSwiftUpdateCheck = 1130;
				LastUpgradeCheck = 1130;
				ORGANIZATIONNAME = "David Liman";
				TargetAttributes = {
					A1AC6A6623B60A32006D9052 = {
						CreatedOnToolsVersion = 11.3;
					};
				};
			};
			buildConfigurationList = A1AC6A6223B60A32006D9052 /* Build configuration list for PBXProject "CNNLite" */;
			compatibilityVersion = "Xcode 9.3";
			developmentRegion = en;
			hasScannedForEncodings = 0;
			knownRegions = (
				en,
				Base,
			);
			mainGroup = A1AC6A5E23B60A32006D9052;
			packageReferences = (
				A1AC6A7E23B60BE7006D9052 /* XCRemoteSwiftPackageReference "swift-request" */,
				A1AC6A8123B806DB006D9052 /* XCRemoteSwiftPackageReference "SwiftSoup" */,
			);
			productRefGroup = A1AC6A6823B60A32006D9052 /* Products */;
			projectDirPath = "";
			projectRoot = "";
			targets = (
				A1AC6A6623B60A32006D9052 /* CNNLite */,
			);
		};
/* End PBXProject section */

/* Begin PBXResourcesBuildPhase section */
		A1AC6A6523B60A32006D9052 /* Resources */ = {
			isa = PBXResourcesBuildPhase;
			buildActionMask = 2147483647;
			files = (
				A1AC6A7723B60A33006D9052 /* LaunchScreen.storyboard in Resources */,
				A1AC6A7423B60A33006D9052 /* Preview Assets.xcassets in Resources */,
				A1AC6A7123B60A33006D9052 /* Assets.xcassets in Resources */,
			);
			runOnlyForDeploymentPostprocessing = 0;
		};
/* End PBXResourcesBuildPhase section */

/* Begin PBXSourcesBuildPhase section */
		A1AC6A6323B60A32006D9052 /* Sources */ = {
			isa = PBXSourcesBuildPhase;
			buildActionMask = 2147483647;
			files = (
				A1AC6A6B23B60A32006D9052 /* AppDelegate.swift in Sources */,
				A1AC6A6D23B60A32006D9052 /* SceneDelegate.swift in Sources */,
				A1AC6A6F23B60A32006D9052 /* NewsLinkContainerView.swift in Sources */,
			);
			runOnlyForDeploymentPostprocessing = 0;
		};
/* End PBXSourcesBuildPhase section */

/* Begin PBXVariantGroup section */
		A1AC6A7523B60A33006D9052 /* LaunchScreen.storyboard */ = {
			isa = PBXVariantGroup;
			children = (
				A1AC6A7623B60A33006D9052 /* Base */,
			);
			name = LaunchScreen.storyboard;
			sourceTree = "<group>";
		};
/* End PBXVariantGroup section */

/* Begin XCBuildConfiguration section */
		A1AC6A7923B60A33006D9052 /* Debug */ = {
			isa = XCBuildConfiguration;
			buildSettings = {
				ALWAYS_SEARCH_USER_PATHS = NO;
				CLANG_ANALYZER_NONNULL = YES;
				CLANG_ANALYZER_NUMBER_OBJECT_CONVERSION = YES_AGGRESSIVE;
				CLANG_CXX_LANGUAGE_STANDARD = "gnu++14";
				CLANG_CXX_LIBRARY = "libc++";
				CLANG_ENABLE_MODULES = YES;
				CLANG_ENABLE_OBJC_ARC = YES;
				CLANG_ENABLE_OBJC_WEAK = YES;
				CLANG_WARN_BLOCK_CAPTURE_AUTORELEASING = YES;
				CLANG_WARN_BOOL_CONVERSION = YES;
				CLANG_WARN_COMMA = YES;
				CLANG_WARN_CONSTANT_CONVERSION = YES;
				CLANG_WARN_DEPRECATED_OBJC_IMPLEMENTATIONS = YES;
				CLANG_WARN_DIRECT_OBJC_ISA_USAGE = YES_ERROR;
				CLANG_WARN_DOCUMENTATION_COMMENTS = YES;
				CLANG_WARN_EMPTY_BODY = YES;
				CLANG_WARN_ENUM_CONVERSION = YES;
				CLANG_WARN_INFINITE_RECURSION = YES;
				CLANG_WARN_INT_CONVERSION = YES;
				CLANG_WARN_NON_LITERAL_NULL_CONVERSION = YES;
				CLANG_WARN_OBJC_IMPLICIT_RETAIN_SELF = YES;
				CLANG_WARN_OBJC_LITERAL_CONVERSION = YES;
				CLANG_WARN_OBJC_ROOT_CLASS = YES_ERROR;
				CLANG_WARN_RANGE_LOOP_ANALYSIS = YES;
				CLANG_WARN_STRICT_PROTOTYPES = YES;
				CLANG_WARN_SUSPICIOUS_MOVE = YES;
				CLANG_WARN_UNGUARDED_AVAILABILITY = YES_AGGRESSIVE;
				CLANG_WARN_UNREACHABLE_CODE = YES;
				CLANG_WARN__DUPLICATE_METHOD_MATCH = YES;
				COPY_PHASE_STRIP = NO;
				DEBUG_INFORMATION_FORMAT = dwarf;
				ENABLE_STRICT_OBJC_MSGSEND = YES;
				ENABLE_TESTABILITY = YES;
				GCC_C_LANGUAGE_STANDARD = gnu11;
				GCC_DYNAMIC_NO_PIC = NO;
				GCC_NO_COMMON_BLOCKS = YES;
				GCC_OPTIMIZATION_LEVEL = 0;
				GCC_PREPROCESSOR_DEFINITIONS = (
					"DEBUG=1",
					"$(inherited)",
				);
				GCC_WARN_64_TO_32_BIT_CONVERSION = YES;
				GCC_WARN_ABOUT_RETURN_TYPE = YES_ERROR;
				GCC_WARN_UNDECLARED_SELECTOR = YES;
				GCC_WARN_UNINITIALIZED_AUTOS = YES_AGGRESSIVE;
				GCC_WARN_UNUSED_FUNCTION = YES;
				GCC_WARN_UNUSED_VARIABLE = YES;
				IPHONEOS_DEPLOYMENT_TARGET = 13.2;
				MTL_ENABLE_DEBUG_INFO = INCLUDE_SOURCE;
				MTL_FAST_MATH = YES;
				ONLY_ACTIVE_ARCH = YES;
				SDKROOT = iphoneos;
				SWIFT_ACTIVE_COMPILATION_CONDITIONS = DEBUG;
				SWIFT_OPTIMIZATION_LEVEL = "-Onone";
			};
			name = Debug;
		};
		A1AC6A7A23B60A33006D9052 /* Release */ = {
			isa = XCBuildConfiguration;
			buildSettings = {
				ALWAYS_SEARCH_USER_PATHS = NO;
				CLANG_ANALYZER_NONNULL = YES;
				CLANG_ANALYZER_NUMBER_OBJECT_CONVERSION = YES_AGGRESSIVE;
				CLANG_CXX_LANGUAGE_STANDARD = "gnu++14";
				CLANG_CXX_LIBRARY = "libc++";
				CLANG_ENABLE_MODULES = YES;
				CLANG_ENABLE_OBJC_ARC = YES;
				CLANG_ENABLE_OBJC_WEAK = YES;
				CLANG_WARN_BLOCK_CAPTURE_AUTORELEASING = YES;
				CLANG_WARN_BOOL_CONVERSION = YES;
				CLANG_WARN_COMMA = YES;
				CLANG_WARN_CONSTANT_CONVERSION = YES;
				CLANG_WARN_DEPRECATED_OBJC_IMPLEMENTATIONS = YES;
				CLANG_WARN_DIRECT_OBJC_ISA_USAGE = YES_ERROR;
				CLANG_WARN_DOCUMENTATION_COMMENTS = YES;
				CLANG_WARN_EMPTY_BODY = YES;
				CLANG_WARN_ENUM_CONVERSION = YES;
				CLANG_WARN_INFINITE_RECURSION = YES;
				CLANG_WARN_INT_CONVERSION = YES;
				CLANG_WARN_NON_LITERAL_NULL_CONVERSION = YES;
				CLANG_WARN_OBJC_IMPLICIT_RETAIN_SELF = YES;
				CLANG_WARN_OBJC_LITERAL_CONVERSION = YES;
				CLANG_WARN_OBJC_ROOT_CLASS = YES_ERROR;
				CLANG_WARN_RANGE_LOOP_ANALYSIS = YES;
				CLANG_WARN_STRICT_PROTOTYPES = YES;
				CLANG_WARN_SUSPICIOUS_MOVE = YES;
				CLANG_WARN_UNGUARDED_AVAILABILITY = YES_AGGRESSIVE;
				CLANG_WARN_UNREACHABLE_CODE = YES;
				CLANG_WARN__DUPLICATE_METHOD_MATCH = YES;
				COPY_PHASE_STRIP = NO;
				DEBUG_INFORMATION_FORMAT = "dwarf-with-dsym";
				ENABLE_NS_ASSERTIONS = NO;
				ENABLE_STRICT_OBJC_MSGSEND = YES;
				GCC_C_LANGUAGE_STANDARD = gnu11;
				GCC_NO_COMMON_BLOCKS = YES;
				GCC_WARN_64_TO_32_BIT_CONVERSION = YES;
				GCC_WARN_ABOUT_RETURN_TYPE = YES_ERROR;
				GCC_WARN_UNDECLARED_SELECTOR = YES;
				GCC_WARN_UNINITIALIZED_AUTOS = YES_AGGRESSIVE;
				GCC_WARN_UNUSED_FUNCTION = YES;
				GCC_WARN_UNUSED_VARIABLE = YES;
				IPHONEOS_DEPLOYMENT_TARGET = 13.2;
				MTL_ENABLE_DEBUG_INFO = NO;
				MTL_FAST_MATH = YES;
				SDKROOT = iphoneos;
				SWIFT_COMPILATION_MODE = wholemodule;
				SWIFT_OPTIMIZATION_LEVEL = "-O";
				VALIDATE_PRODUCT = YES;
			};
			name = Release;
		};
		A1AC6A7C23B60A33006D9052 /* Debug */ = {
			isa = XCBuildConfiguration;
			buildSettings = {
				ASSETCATALOG_COMPILER_APPICON_NAME = AppIcon;
				CODE_SIGN_STYLE = Automatic;
				DEVELOPMENT_ASSET_PATHS = "\"CNNLite/Preview Content\"";
				DEVELOPMENT_TEAM = 4QVLKMTWKL;
				ENABLE_PREVIEWS = YES;
				INFOPLIST_FILE = CNNLite/Info.plist;
				LD_RUNPATH_SEARCH_PATHS = (
					"$(inherited)",
					"@executable_path/Frameworks",
				);
				PRODUCT_BUNDLE_IDENTIFIER = com.dvliman.CNNLite;
				PRODUCT_NAME = "$(TARGET_NAME)";
				SWIFT_VERSION = 5.0;
				TARGETED_DEVICE_FAMILY = "1,2";
			};
			name = Debug;
		};
		A1AC6A7D23B60A33006D9052 /* Release */ = {
			isa = XCBuildConfiguration;
			buildSettings = {
				ASSETCATALOG_COMPILER_APPICON_NAME = AppIcon;
				CODE_SIGN_STYLE = Automatic;
				DEVELOPMENT_ASSET_PATHS = "\"CNNLite/Preview Content\"";
				DEVELOPMENT_TEAM = 4QVLKMTWKL;
				ENABLE_PREVIEWS = YES;
				INFOPLIST_FILE = CNNLite/Info.plist;
				LD_RUNPATH_SEARCH_PATHS = (
					"$(inherited)",
					"@executable_path/Frameworks",
				);
				PRODUCT_BUNDLE_IDENTIFIER = com.dvliman.CNNLite;
				PRODUCT_NAME = "$(TARGET_NAME)";
				SWIFT_VERSION = 5.0;
				TARGETED_DEVICE_FAMILY = "1,2";
			};
			name = Release;
		};
/* End XCBuildConfiguration section */

/* Begin XCConfigurationList section */
		A1AC6A6223B60A32006D9052 /* Build configuration list for PBXProject "CNNLite" */ = {
			isa = XCConfigurationList;
			buildConfigurations = (
				A1AC6A7923B60A33006D9052 /* Debug */,
				A1AC6A7A23B60A33006D9052 /* Release */,
			);
			defaultConfigurationIsVisible = 0;
			defaultConfigurationName = Release;
		};
		A1AC6A7B23B60A33006D9052 /* Build configuration list for PBXNativeTarget "CNNLite" */ = {
			isa = XCConfigurationList;
			buildConfigurations = (
				A1AC6A7C23B60A33006D9052 /* Debug */,
				A1AC6A7D23B60A33006D9052 /* Release */,
			);
			defaultConfigurationIsVisible = 0;
			defaultConfigurationName = Release;
		};
/* End XCConfigurationList section */

/* Begin XCRemoteSwiftPackageReference section */
		A1AC6A7E23B60BE7006D9052 /* XCRemoteSwiftPackageReference "swift-request" */ = {
			isa = XCRemoteSwiftPackageReference;
			repositoryURL = "git@github.com:carson-katri/swift-request.git";
			requirement = {
				branch = master;
				kind = branch;
			};
		};
		A1AC6A8123B806DB006D9052 /* XCRemoteSwiftPackageReference "SwiftSoup" */ = {
			isa = XCRemoteSwiftPackageReference;
			repositoryURL = "git@github.com:scinfu/SwiftSoup.git";
			requirement = {
				kind = exactVersion;
				version = 1.7.4;
			};
		};
/* End XCRemoteSwiftPackageReference section */

/* Begin XCSwiftPackageProductDependency section */
		A1AC6A7F23B60BE7006D9052 /* Request */ = {
			isa = XCSwiftPackageProductDependency;
			package = A1AC6A7E23B60BE7006D9052 /* XCRemoteSwiftPackageReference "swift-request" */;
			productName = Request;
		};
		A1AC6A8223B806DB006D9052 /* SwiftSoup */ = {
			isa = XCSwiftPackageProductDependency;
			package = A1AC6A8123B806DB006D9052 /* XCRemoteSwiftPackageReference "SwiftSoup" */;
			productName = SwiftSoup;
		};
/* End XCSwiftPackageProductDependency section */
	};
	rootObject = A1AC6A5F23B60A32006D9052 /* Project object */;
}
