{
  "object": {
    "pins": [
      {
        "package": "Request",
        "repositoryURL": "git@github.com:carson-katri/swift-request.git",
        "state": {
          "branch": "master",
          "revision": "79a11514ad07004cd6359ef616b31f71c013bbc6",
          "version": null
        }
      },
      {
        "package": "SwiftSoup",
        "repositoryURL": "git@github.com:scinfu/SwiftSoup.git",
        "state": {
          "branch": null,
          "revision": "489072c6b1f1ebcc650538f55c0faaa627eeb88f",
          "version": "1.7.4"
        }
      },
      {
        "package": "TinyNetworking",
        "repositoryURL": "https://github.com/objcio/tiny-networking",
        "state": {
          "branch": null,
          "revision": "6676e026109376e6aa51af4830cc5eab57397573",
          "version": "0.3.0"
        }
      }
    ]
  },
  "version": 1
}
